PODS:
  - Flutter (1.0.0)
  - native_shared_preferences (1.0.0):
    - Flutter
  - shared_preferences_foundation (0.0.1):
    - Flutter
    - FlutterMacOS

DEPENDENCIES:
  - Flutter (from `Flutter`)
  - native_shared_preferences (from `.symlinks/plugins/native_shared_preferences/ios`)
  - shared_preferences_foundation (from `.symlinks/plugins/shared_preferences_foundation/darwin`)

EXTERNAL SOURCES:
  Flutter:
    :path: Flutter
  native_shared_preferences:
    :path: ".symlinks/plugins/native_shared_preferences/ios"
  shared_preferences_foundation:
    :path: ".symlinks/plugins/shared_preferences_foundation/darwin"

SPEC CHECKSUMS:
  Flutter: e0871f40cf51350855a761d2e70bf5af5b9b5de7
  native_shared_preferences: 21a805f6149643c25a20a4f534692131faebadfe
  shared_preferences_foundation: 5b919d13b803cadd15ed2dc053125c68730e5126

PODFILE CHECKSUM: 936c2a2deed8519ac97153379454f911dec49db9

COCOAPODS: 1.15.2
